PODS:
  - CryptoSwift (1.4.1)
  - ERNiftyExtensions (3.6.2):
    - ERNiftyExtensions/Foundation (= 3.6.2)
  - ERNiftyExtensions/Foundation (3.6.2):
    - CryptoSwift (~> 1.4.1)

DEPENDENCIES:
  - ERNiftyExtensions (from `../`)

SPEC REPOS:
  trunk:
    - CryptoSwift

EXTERNAL SOURCES:
  ERNiftyExtensions:
    :path: "../"

SPEC CHECKSUMS:
  CryptoSwift: 0bc800a7e6a24c4fc9ebeab97d44b0d5f73a78bd
  ERNiftyExtensions: 7ca80b0e60107173eb83395b49155158af121550

PODFILE CHECKSUM: 6d303f8de1a7f219d69beebaa24b4e745120bbfe

COCOAPODS: 1.10.1
